
Microsoft Visual Studio Solution File, Format Version 12.00
# Visual Studio 2013
Project("{2150E333-8FDC-42A3-9474-1A3956D46DE8}") = "Engine", "Engine", "{C01D9536-7A63-4EF1-AC93-4F9BC1817128}"
EndProject
Project("{2150E333-8FDC-42A3-9474-1A3956D46DE8}") = "Games", "Games", "{C0B9E3A4-2C5B-4C28-8EE0-47C135DDFF34}"
EndProject
Project("{8BC9CEB8-8B4A-11D0-8D11-00A0C91BC942}") = "ProjectAngelis", "Intermediate\ProjectFiles\ProjectAngelis.vcxproj", "{6CCB9817-2E79-4CFE-99E7-65BD8E0A29F9}"
	ProjectSection(ProjectDependencies) = postProject
	EndProjectSection
EndProject
Project("{8BC9CEB8-8B4A-11D0-8D11-00A0C91BC942}") = "UE4", "Intermediate\ProjectFiles\UE4.vcxproj", "{B2C96553-F0DF-430D-BAB7-906E6A5191A5}"
EndProject
Global
	GlobalSection(SolutionConfigurationPlatforms) = preSolution
		DebugGame Editor|Windows = DebugGame Editor|Windows
		DebugGame|Windows = DebugGame|Windows
		Development Editor|Windows = Development Editor|Windows
		Development|Windows = Development|Windows
		Shipping|Windows = Shipping|Windows
	EndGlobalSection
	GlobalSection(ProjectConfigurationPlatforms) = postSolution
		{6CCB9817-2E79-4CFE-99E7-65BD8E0A29F9}.DebugGame Editor|Windows.ActiveCfg = DebugGame_Editor|x64
		{6CCB9817-2E79-4CFE-99E7-65BD8E0A29F9}.DebugGame Editor|Windows.Build.0 = DebugGame_Editor|x64
		{6CCB9817-2E79-4CFE-99E7-65BD8E0A29F9}.DebugGame|Windows.ActiveCfg = DebugGame_Game|x64
		{6CCB9817-2E79-4CFE-99E7-65BD8E0A29F9}.DebugGame|Windows.Build.0 = DebugGame_Game|x64
		{6CCB9817-2E79-4CFE-99E7-65BD8E0A29F9}.Development Editor|Windows.ActiveCfg = Development_Editor|x64
		{6CCB9817-2E79-4CFE-99E7-65BD8E0A29F9}.Development Editor|Windows.Build.0 = Development_Editor|x64
		{6CCB9817-2E79-4CFE-99E7-65BD8E0A29F9}.Development|Windows.ActiveCfg = Development_Game|x64
		{6CCB9817-2E79-4CFE-99E7-65BD8E0A29F9}.Development|Windows.Build.0 = Development_Game|x64
		{6CCB9817-2E79-4CFE-99E7-65BD8E0A29F9}.Shipping|Windows.ActiveCfg = Shipping_Game|Win32
		{6CCB9817-2E79-4CFE-99E7-65BD8E0A29F9}.Shipping|Windows.Build.0 = Shipping_Game|Win32
	EndGlobalSection
	GlobalSection(SolutionProperties) = preSolution
		HideSolutionNode = FALSE
	EndGlobalSection
	GlobalSection(NestedProjects) = preSolution
		{B2C96553-F0DF-430D-BAB7-906E6A5191A5} = {C01D9536-7A63-4EF1-AC93-4F9BC1817128}
		{6CCB9817-2E79-4CFE-99E7-65BD8E0A29F9} = {C0B9E3A4-2C5B-4C28-8EE0-47C135DDFF34}
	EndGlobalSection
EndGlobal
