
Microsoft Visual Studio Solution File, Format Version 12.00
# Visual Studio 2013
VisualStudioVersion = 12.0.30501.0
MinimumVisualStudioVersion = 10.0.40219.1
Project("{2150E333-8FDC-42A3-9474-1A3956D46DE8}") = "Engine", "Engine", "{D04FC4B3-75D8-4B62-A9D2-034D1F240677}"
EndProject
Project("{2150E333-8FDC-42A3-9474-1A3956D46DE8}") = "Games", "Games", "{DDF5ACF8-9932-46CC-93DB-27E8DAE16691}"
EndProject
Project("{8BC9CEB8-8B4A-11D0-8D11-00A0C91BC942}") = "ProjectAngelis", "Intermediate\ProjectFiles\ProjectAngelis.vcxproj", "{479FD897-B1E1-415B-924D-1DAB47F3E1B9}"
EndProject
Project("{8BC9CEB8-8B4A-11D0-8D11-00A0C91BC942}") = "UE4", "Intermediate\ProjectFiles\UE4.vcxproj", "{3D733CD7-0CF3-455E-A58B-113FB7DE1B89}"
EndProject
Global
	GlobalSection(SolutionConfigurationPlatforms) = preSolution
		DebugGame Editor|Windows = DebugGame Editor|Windows
		DebugGame|Windows = DebugGame|Windows
		Development Editor|Windows = Development Editor|Windows
		Development|Windows = Development|Windows
		Shipping|Windows = Shipping|Windows
	EndGlobalSection
	GlobalSection(ProjectConfigurationPlatforms) = postSolution
		{479FD897-B1E1-415B-924D-1DAB47F3E1B9}.DebugGame Editor|Windows.ActiveCfg = DebugGame_Editor|x64
		{479FD897-B1E1-415B-924D-1DAB47F3E1B9}.DebugGame Editor|Windows.Build.0 = DebugGame_Editor|x64
		{479FD897-B1E1-415B-924D-1DAB47F3E1B9}.DebugGame|Windows.ActiveCfg = DebugGame_Game|x64
		{479FD897-B1E1-415B-924D-1DAB47F3E1B9}.DebugGame|Windows.Build.0 = DebugGame_Game|x64
		{479FD897-B1E1-415B-924D-1DAB47F3E1B9}.Development Editor|Windows.ActiveCfg = Development_Editor|x64
		{479FD897-B1E1-415B-924D-1DAB47F3E1B9}.Development Editor|Windows.Build.0 = Development_Editor|x64
		{479FD897-B1E1-415B-924D-1DAB47F3E1B9}.Development|Windows.ActiveCfg = Development_Game|x64
		{479FD897-B1E1-415B-924D-1DAB47F3E1B9}.Development|Windows.Build.0 = Development_Game|x64
		{479FD897-B1E1-415B-924D-1DAB47F3E1B9}.Shipping|Windows.ActiveCfg = Shipping_Game|Win32
		{479FD897-B1E1-415B-924D-1DAB47F3E1B9}.Shipping|Windows.Build.0 = Shipping_Game|Win32
		{3D733CD7-0CF3-455E-A58B-113FB7DE1B89}.DebugGame Editor|Windows.ActiveCfg = BuiltWithUnrealBuildTool|Win32
		{3D733CD7-0CF3-455E-A58B-113FB7DE1B89}.DebugGame|Windows.ActiveCfg = BuiltWithUnrealBuildTool|Win32
		{3D733CD7-0CF3-455E-A58B-113FB7DE1B89}.Development Editor|Windows.ActiveCfg = BuiltWithUnrealBuildTool|Win32
		{3D733CD7-0CF3-455E-A58B-113FB7DE1B89}.Development|Windows.ActiveCfg = BuiltWithUnrealBuildTool|Win32
		{3D733CD7-0CF3-455E-A58B-113FB7DE1B89}.Shipping|Windows.ActiveCfg = BuiltWithUnrealBuildTool|Win32
	EndGlobalSection
	GlobalSection(SolutionProperties) = preSolution
		HideSolutionNode = FALSE
	EndGlobalSection
	GlobalSection(NestedProjects) = preSolution
		{479FD897-B1E1-415B-924D-1DAB47F3E1B9} = {DDF5ACF8-9932-46CC-93DB-27E8DAE16691}
		{3D733CD7-0CF3-455E-A58B-113FB7DE1B89} = {D04FC4B3-75D8-4B62-A9D2-034D1F240677}
	EndGlobalSection
EndGlobal
