
Microsoft Visual Studio Solution File, Format Version 12.00
# Visual Studio 2013
# UnrealEngineGeneratedSolutionVersion=1.0
Project("{2150E333-8FDC-42A3-9474-1A3956D46DE8}") = "Engine", "Engine", "{B7DE198C-FA1A-4CE8-AF0D-AA56F401981B}"
EndProject
Project("{2150E333-8FDC-42A3-9474-1A3956D46DE8}") = "Games", "Games", "{28715647-CF5F-4C3E-B3D7-410AA32CE5C2}"
EndProject
Project("{8BC9CEB8-8B4A-11D0-8D11-00A0C91BC942}") = "ProjectAngelis", "Intermediate\ProjectFiles\ProjectAngelis.vcxproj", "{8A6FEF52-AB37-42EF-89C1-240F14B57047}"
EndProject
Project("{8BC9CEB8-8B4A-11D0-8D11-00A0C91BC942}") = "UE4", "Intermediate\ProjectFiles\UE4.vcxproj", "{84ADE3D4-6F07-409C-BF28-D133BD36E8CF}"
EndProject
Global
	GlobalSection(SolutionConfigurationPlatforms) = preSolution
		DebugGame Editor|Win32 = DebugGame Editor|Win32
		DebugGame Editor|Win64 = DebugGame Editor|Win64
		DebugGame|Win32 = DebugGame|Win32
		DebugGame|Win64 = DebugGame|Win64
		Development Editor|Win32 = Development Editor|Win32
		Development Editor|Win64 = Development Editor|Win64
		Development|Win32 = Development|Win32
		Development|Win64 = Development|Win64
		Shipping|Win32 = Shipping|Win32
		Shipping|Win64 = Shipping|Win64
	EndGlobalSection
	GlobalSection(ProjectConfigurationPlatforms) = postSolution
		{8A6FEF52-AB37-42EF-89C1-240F14B57047}.DebugGame Editor|Win32.ActiveCfg = DebugGame_Editor|Win32
		{8A6FEF52-AB37-42EF-89C1-240F14B57047}.DebugGame Editor|Win32.Build.0 = DebugGame_Editor|Win32
		{8A6FEF52-AB37-42EF-89C1-240F14B57047}.DebugGame Editor|Win64.ActiveCfg = DebugGame_Editor|x64
		{8A6FEF52-AB37-42EF-89C1-240F14B57047}.DebugGame Editor|Win64.Build.0 = DebugGame_Editor|x64
		{8A6FEF52-AB37-42EF-89C1-240F14B57047}.DebugGame|Win32.ActiveCfg = DebugGame_Game|Win32
		{8A6FEF52-AB37-42EF-89C1-240F14B57047}.DebugGame|Win32.Build.0 = DebugGame_Game|Win32
		{8A6FEF52-AB37-42EF-89C1-240F14B57047}.DebugGame|Win64.ActiveCfg = DebugGame_Game|x64
		{8A6FEF52-AB37-42EF-89C1-240F14B57047}.DebugGame|Win64.Build.0 = DebugGame_Game|x64
		{8A6FEF52-AB37-42EF-89C1-240F14B57047}.Development Editor|Win32.ActiveCfg = Development_Editor|Win32
		{8A6FEF52-AB37-42EF-89C1-240F14B57047}.Development Editor|Win32.Build.0 = Development_Editor|Win32
		{8A6FEF52-AB37-42EF-89C1-240F14B57047}.Development Editor|Win64.ActiveCfg = Development_Editor|x64
		{8A6FEF52-AB37-42EF-89C1-240F14B57047}.Development Editor|Win64.Build.0 = Development_Editor|x64
		{8A6FEF52-AB37-42EF-89C1-240F14B57047}.Development|Win32.ActiveCfg = Development_Game|Win32
		{8A6FEF52-AB37-42EF-89C1-240F14B57047}.Development|Win32.Build.0 = Development_Game|Win32
		{8A6FEF52-AB37-42EF-89C1-240F14B57047}.Development|Win64.ActiveCfg = Development_Game|x64
		{8A6FEF52-AB37-42EF-89C1-240F14B57047}.Development|Win64.Build.0 = Development_Game|x64
		{8A6FEF52-AB37-42EF-89C1-240F14B57047}.Shipping|Win32.ActiveCfg = Shipping_Game|Win32
		{8A6FEF52-AB37-42EF-89C1-240F14B57047}.Shipping|Win32.Build.0 = Shipping_Game|Win32
		{8A6FEF52-AB37-42EF-89C1-240F14B57047}.Shipping|Win64.ActiveCfg = Shipping_Game|x64
		{8A6FEF52-AB37-42EF-89C1-240F14B57047}.Shipping|Win64.Build.0 = Shipping_Game|x64
	EndGlobalSection
	GlobalSection(SolutionProperties) = preSolution
		HideSolutionNode = FALSE
	EndGlobalSection
	GlobalSection(NestedProjects) = preSolution
		{84ADE3D4-6F07-409C-BF28-D133BD36E8CF} = {B7DE198C-FA1A-4CE8-AF0D-AA56F401981B}
		{8A6FEF52-AB37-42EF-89C1-240F14B57047} = {28715647-CF5F-4C3E-B3D7-410AA32CE5C2}
	EndGlobalSection
EndGlobal
